// !$*UTF8*$!
{
	archiveVersion = 1;
	classes = {
	};
	objectVersion = 56;
	objects = {

/* Begin PBXBuildFile section */
		7F4858532B24BDC3008A125F /* PollingAppApp.swift in Sources */ = {isa = PBXBuildFile; fileRef = 7F4858522B24BDC3008A125F /* PollingAppApp.swift */; };
		7F4858552B24BDC3008A125F /* ContentView.swift in Sources */ = {isa = PBXBuildFile; fileRef = 7F4858542B24BDC3008A125F /* ContentView.swift */; };
		7F4858572B24BDC4008A125F /* Assets.xcassets in Resources */ = {isa = PBXBuildFile; fileRef = 7F4858562B24BDC4008A125F /* Assets.xcassets */; };
		7F48585A2B24BDC4008A125F /* Preview Assets.xcassets in Resources */ = {isa = PBXBuildFile; fileRef = 7F4858592B24BDC4008A125F /* Preview Assets.xcassets */; };
		7F4858642B24BDC4008A125F /* PollingAppTests.swift in Sources */ = {isa = PBXBuildFile; fileRef = 7F4858632B24BDC4008A125F /* PollingAppTests.swift */; };
		7F48586E2B24BDC4008A125F /* PollingAppUITests.swift in Sources */ = {isa = PBXBuildFile; fileRef = 7F48586D2B24BDC4008A125F /* PollingAppUITests.swift */; };
		7F4858702B24BDC4008A125F /* PollingAppUITestsLaunchTests.swift in Sources */ = {isa = PBXBuildFile; fileRef = 7F48586F2B24BDC4008A125F /* PollingAppUITestsLaunchTests.swift */; };
/* End PBXBuildFile section */

/* Begin PBXContainerItemProxy section */
		7F4858602B24BDC4008A125F /* PBXContainerItemProxy */ = {
			isa = PBXContainerItemProxy;
			containerPortal = 7F4858472B24BDC3008A125F /* Project object */;
			proxyType = 1;
			remoteGlobalIDString = 7F48584E2B24BDC3008A125F;
			remoteInfo = PollingApp;
		};
		7F48586A2B24BDC4008A125F /* PBXContainerItemProxy */ = {
			isa = PBXContainerItemProxy;
			containerPortal = 7F4858472B24BDC3008A125F /* Project object */;
			proxyType = 1;
			remoteGlobalIDString = 7F48584E2B24BDC3008A125F;
			remoteInfo = PollingApp;
		};
/* End PBXContainerItemProxy section */

/* Begin PBXFileReference section */
		7F48584F2B24BDC3008A125F /* PollingApp.app */ = {isa = PBXFileReference; explicitFileType = wrapper.application; includeInIndex = 0; path = PollingApp.app; sourceTree = BUILT_PRODUCTS_DIR; };
		7F4858522B24BDC3008A125F /* PollingAppApp.swift */ = {isa = PBXFileReference; lastKnownFileType = sourcecode.swift; path = PollingAppApp.swift; sourceTree = "<group>"; };
		7F4858542B24BDC3008A125F /* ContentView.swift */ = {isa = PBXFileReference; lastKnownFileType = sourcecode.swift; path = ContentView.swift; sourceTree = "<group>"; };
		7F4858562B24BDC4008A125F /* Assets.xcassets */ = {isa = PBXFileReference; lastKnownFileType = folder.assetcatalog; path = Assets.xcassets; sourceTree = "<group>"; };
		7F4858592B24BDC4008A125F /* Preview Assets.xcassets */ = {isa = PBXFileReference; lastKnownFileType = folder.assetcatalog; path = "Preview Assets.xcassets"; sourceTree = "<group>"; };
		7F48585F2B24BDC4008A125F /* PollingAppTests.xctest */ = {isa = PBXFileReference; explicitFileType = wrapper.cfbundle; includeInIndex = 0; path = PollingAppTests.xctest; sourceTree = BUILT_PRODUCTS_DIR; };
		7F4858632B24BDC4008A125F /* PollingAppTests.swift */ = {isa = PBXFileReference; lastKnownFileType = sourcecode.swift; path = PollingAppTests.swift; sourceTree = "<group>"; };
		7F4858692B24BDC4008A125F /* PollingAppUITests.xctest */ = {isa = PBXFileReference; explicitFileType = wrapper.cfbundle; includeInIndex = 0; path = PollingAppUITests.xctest; sourceTree = BUILT_PRODUCTS_DIR; };
		7F48586D2B24BDC4008A125F /* PollingAppUITests.swift */ = {isa = PBXFileReference; lastKnownFileType = sourcecode.swift; path = PollingAppUITests.swift; sourceTree = "<group>"; };
		7F48586F2B24BDC4008A125F /* PollingAppUITestsLaunchTests.swift */ = {isa = PBXFileReference; lastKnownFileType = sourcecode.swift; path = PollingAppUITestsLaunchTests.swift; sourceTree = "<group>"; };
/* End PBXFileReference section */

/* Begin PBXFrameworksBuildPhase section */
		7F48584C2B24BDC3008A125F /* Frameworks */ = {
			isa = PBXFrameworksBuildPhase;
			buildActionMask = 2147483647;
			files = (
			);
			runOnlyForDeploymentPostprocessing = 0;
		};
		7F48585C2B24BDC4008A125F /* Frameworks */ = {
			isa = PBXFrameworksBuildPhase;
			buildActionMask = 2147483647;
			files = (
			);
			runOnlyForDeploymentPostprocessing = 0;
		};
		7F4858662B24BDC4008A125F /* Frameworks */ = {
			isa = PBXFrameworksBuildPhase;
			buildActionMask = 2147483647;
			files = (
			);
			runOnlyForDeploymentPostprocessing = 0;
		};
/* End PBXFrameworksBuildPhase section */

/* Begin PBXGroup section */
		7F4858462B24BDC3008A125F = {
			isa = PBXGroup;
			children = (
				7F4858512B24BDC3008A125F /* PollingApp */,
				7F4858622B24BDC4008A125F /* PollingAppTests */,
				7F48586C2B24BDC4008A125F /* PollingAppUITests */,
				7F4858502B24BDC3008A125F /* Products */,
			);
			sourceTree = "<group>";
		};
		7F4858502B24BDC3008A125F /* Products */ = {
			isa = PBXGroup;
			children = (
				7F48584F2B24BDC3008A125F /* PollingApp.app */,
				7F48585F2B24BDC4008A125F /* PollingAppTests.xctest */,
				7F4858692B24BDC4008A125F /* PollingAppUITests.xctest */,
			);
			name = Products;
			sourceTree = "<group>";
		};
		7F4858512B24BDC3008A125F /* PollingApp */ = {
			isa = PBXGroup;
			children = (
				7F4858522B24BDC3008A125F /* PollingAppApp.swift */,
				7F4858542B24BDC3008A125F /* ContentView.swift */,
				7F4858562B24BDC4008A125F /* Assets.xcassets */,
				7F4858582B24BDC4008A125F /* Preview Content */,
			);
			path = PollingApp;
			sourceTree = "<group>";
		};
		7F4858582B24BDC4008A125F /* Preview Content */ = {
			isa = PBXGroup;
			children = (
				7F4858592B24BDC4008A125F /* Preview Assets.xcassets */,
			);
			path = "Preview Content";
			sourceTree = "<group>";
		};
		7F4858622B24BDC4008A125F /* PollingAppTests */ = {
			isa = PBXGroup;
			children = (
				7F4858632B24BDC4008A125F /* PollingAppTests.swift */,
			);
			path = PollingAppTests;
			sourceTree = "<group>";
		};
		7F48586C2B24BDC4008A125F /* PollingAppUITests */ = {
			isa = PBXGroup;
			children = (
				7F48586D2B24BDC4008A125F /* PollingAppUITests.swift */,
				7F48586F2B24BDC4008A125F /* PollingAppUITestsLaunchTests.swift */,
			);
			path = PollingAppUITests;
			sourceTree = "<group>";
		};
/* End PBXGroup section */

/* Begin PBXNativeTarget section */
		7F48584E2B24BDC3008A125F /* PollingApp */ = {
			isa = PBXNativeTarget;
			buildConfigurationList = 7F4858732B24BDC4008A125F /* Build configuration list for PBXNativeTarget "PollingApp" */;
			buildPhases = (
				7F48584B2B24BDC3008A125F /* Sources */,
				7F48584C2B24BDC3008A125F /* Frameworks */,
				7F48584D2B24BDC3008A125F /* Resources */,
			);
			buildRules = (
			);
			dependencies = (
			);
			name = PollingApp;
			productName = PollingApp;
			productReference = 7F48584F2B24BDC3008A125F /* PollingApp.app */;
			productType = "com.apple.product-type.application";
		};
		7F48585E2B24BDC4008A125F /* PollingAppTests */ = {
			isa = PBXNativeTarget;
			buildConfigurationList = 7F4858762B24BDC4008A125F /* Build configuration list for PBXNativeTarget "PollingAppTests" */;
			buildPhases = (
				7F48585B2B24BDC4008A125F /* Sources */,
				7F48585C2B24BDC4008A125F /* Frameworks */,
				7F48585D2B24BDC4008A125F /* Resources */,
			);
			buildRules = (
			);
			dependencies = (
				7F4858612B24BDC4008A125F /* PBXTargetDependency */,
			);
			name = PollingAppTests;
			productName = PollingAppTests;
			productReference = 7F48585F2B24BDC4008A125F /* PollingAppTests.xctest */;
			productType = "com.apple.product-type.bundle.unit-test";
		};
		7F4858682B24BDC4008A125F /* PollingAppUITests */ = {
			isa = PBXNativeTarget;
			buildConfigurationList = 7F4858792B24BDC4008A125F /* Build configuration list for PBXNativeTarget "PollingAppUITests" */;
			buildPhases = (
				7F4858652B24BDC4008A125F /* Sources */,
				7F4858662B24BDC4008A125F /* Frameworks */,
				7F4858672B24BDC4008A125F /* Resources */,
			);
			buildRules = (
			);
			dependencies = (
				7F48586B2B24BDC4008A125F /* PBXTargetDependency */,
			);
			name = PollingAppUITests;
			productName = PollingAppUITests;
			productReference = 7F4858692B24BDC4008A125F /* PollingAppUITests.xctest */;
			productType = "com.apple.product-type.bundle.ui-testing";
		};
/* End PBXNativeTarget section */

/* Begin PBXProject section */
		7F4858472B24BDC3008A125F /* Project object */ = {
			isa = PBXProject;
			attributes = {
				BuildIndependentTargetsInParallel = 1;
				LastSwiftUpdateCheck = 1500;
				LastUpgradeCheck = 1500;
				TargetAttributes = {
					7F48584E2B24BDC3008A125F = {
						CreatedOnToolsVersion = 15.0.1;
					};
					7F48585E2B24BDC4008A125F = {
						CreatedOnToolsVersion = 15.0.1;
						TestTargetID = 7F48584E2B24BDC3008A125F;
					};
					7F4858682B24BDC4008A125F = {
						CreatedOnToolsVersion = 15.0.1;
						TestTargetID = 7F48584E2B24BDC3008A125F;
					};
				};
			};
			buildConfigurationList = 7F48584A2B24BDC3008A125F /* Build configuration list for PBXProject "PollingApp" */;
			compatibilityVersion = "Xcode 14.0";
			developmentRegion = en;
			hasScannedForEncodings = 0;
			knownRegions = (
				en,
				Base,
			);
			mainGroup = 7F4858462B24BDC3008A125F;
			productRefGroup = 7F4858502B24BDC3008A125F /* Products */;
			projectDirPath = "";
			projectRoot = "";
			targets = (
				7F48584E2B24BDC3008A125F /* PollingApp */,
				7F48585E2B24BDC4008A125F /* PollingAppTests */,
				7F4858682B24BDC4008A125F /* PollingAppUITests */,
			);
		};
/* End PBXProject section */

/* Begin PBXResourcesBuildPhase section */
		7F48584D2B24BDC3008A125F /* Resources */ = {
			isa = PBXResourcesBuildPhase;
			buildActionMask = 2147483647;
			files = (
				7F48585A2B24BDC4008A125F /* Preview Assets.xcassets in Resources */,
				7F4858572B24BDC4008A125F /* Assets.xcassets in Resources */,
			);
			runOnlyForDeploymentPostprocessing = 0;
		};
		7F48585D2B24BDC4008A125F /* Resources */ = {
			isa = PBXResourcesBuildPhase;
			buildActionMask = 2147483647;
			files = (
			);
			runOnlyForDeploymentPostprocessing = 0;
		};
		7F4858672B24BDC4008A125F /* Resources */ = {
			isa = PBXResourcesBuildPhase;
			buildActionMask = 2147483647;
			files = (
			);
			runOnlyForDeploymentPostprocessing = 0;
		};
/* End PBXResourcesBuildPhase section */

/* Begin PBXSourcesBuildPhase section */
		7F48584B2B24BDC3008A125F /* Sources */ = {
			isa = PBXSourcesBuildPhase;
			buildActionMask = 2147483647;
			files = (
				7F4858552B24BDC3008A125F /* ContentView.swift in Sources */,
				7F4858532B24BDC3008A125F /* PollingAppApp.swift in Sources */,
			);
			runOnlyForDeploymentPostprocessing = 0;
		};
		7F48585B2B24BDC4008A125F /* Sources */ = {
			isa = PBXSourcesBuildPhase;
			buildActionMask = 2147483647;
			files = (
				7F4858642B24BDC4008A125F /* PollingAppTests.swift in Sources */,
			);
			runOnlyForDeploymentPostprocessing = 0;
		};
		7F4858652B24BDC4008A125F /* Sources */ = {
			isa = PBXSourcesBuildPhase;
			buildActionMask = 2147483647;
			files = (
				7F4858702B24BDC4008A125F /* PollingAppUITestsLaunchTests.swift in Sources */,
				7F48586E2B24BDC4008A125F /* PollingAppUITests.swift in Sources */,
			);
			runOnlyForDeploymentPostprocessing = 0;
		};
/* End PBXSourcesBuildPhase section */

/* Begin PBXTargetDependency section */
		7F4858612B24BDC4008A125F /* PBXTargetDependency */ = {
			isa = PBXTargetDependency;
			target = 7F48584E2B24BDC3008A125F /* PollingApp */;
			targetProxy = 7F4858602B24BDC4008A125F /* PBXContainerItemProxy */;
		};
		7F48586B2B24BDC4008A125F /* PBXTargetDependency */ = {
			isa = PBXTargetDependency;
			target = 7F48584E2B24BDC3008A125F /* PollingApp */;
			targetProxy = 7F48586A2B24BDC4008A125F /* PBXContainerItemProxy */;
		};
/* End PBXTargetDependency section */

/* Begin XCBuildConfiguration section */
		7F4858712B24BDC4008A125F /* Debug */ = {
			isa = XCBuildConfiguration;
			buildSettings = {
				ALWAYS_SEARCH_USER_PATHS = NO;
				ASSETCATALOG_COMPILER_GENERATE_SWIFT_ASSET_SYMBOL_EXTENSIONS = YES;
				CLANG_ANALYZER_NONNULL = YES;
				CLANG_ANALYZER_NUMBER_OBJECT_CONVERSION = YES_AGGRESSIVE;
				CLANG_CXX_LANGUAGE_STANDARD = "gnu++20";
				CLANG_ENABLE_MODULES = YES;
				CLANG_ENABLE_OBJC_ARC = YES;
				CLANG_ENABLE_OBJC_WEAK = YES;
				CLANG_WARN_BLOCK_CAPTURE_AUTORELEASING = YES;
				CLANG_WARN_BOOL_CONVERSION = YES;
				CLANG_WARN_COMMA = YES;
				CLANG_WARN_CONSTANT_CONVERSION = YES;
				CLANG_WARN_DEPRECATED_OBJC_IMPLEMENTATIONS = YES;
				CLANG_WARN_DIRECT_OBJC_ISA_USAGE = YES_ERROR;
				CLANG_WARN_DOCUMENTATION_COMMENTS = YES;
				CLANG_WARN_EMPTY_BODY = YES;
				CLANG_WARN_ENUM_CONVERSION = YES;
				CLANG_WARN_INFINITE_RECURSION = YES;
				CLANG_WARN_INT_CONVERSION = YES;
				CLANG_WARN_NON_LITERAL_NULL_CONVERSION = YES;
				CLANG_WARN_OBJC_IMPLICIT_RETAIN_SELF = YES;
				CLANG_WARN_OBJC_LITERAL_CONVERSION = YES;
				CLANG_WARN_OBJC_ROOT_CLASS = YES_ERROR;
				CLANG_WARN_QUOTED_INCLUDE_IN_FRAMEWORK_HEADER = YES;
				CLANG_WARN_RANGE_LOOP_ANALYSIS = YES;
				CLANG_WARN_STRICT_PROTOTYPES = YES;
				CLANG_WARN_SUSPICIOUS_MOVE = YES;
				CLANG_WARN_UNGUARDED_AVAILABILITY = YES_AGGRESSIVE;
				CLANG_WARN_UNREACHABLE_CODE = YES;
				CLANG_WARN__DUPLICATE_METHOD_MATCH = YES;
				COPY_PHASE_STRIP = NO;
				DEBUG_INFORMATION_FORMAT = dwarf;
				ENABLE_STRICT_OBJC_MSGSEND = YES;
				ENABLE_TESTABILITY = YES;
				ENABLE_USER_SCRIPT_SANDBOXING = YES;
				GCC_C_LANGUAGE_STANDARD = gnu17;
				GCC_DYNAMIC_NO_PIC = NO;
				GCC_NO_COMMON_BLOCKS = YES;
				GCC_OPTIMIZATION_LEVEL = 0;
				GCC_PREPROCESSOR_DEFINITIONS = (
					"DEBUG=1",
					"$(inherited)",
				);
				GCC_WARN_64_TO_32_BIT_CONVERSION = YES;
				GCC_WARN_ABOUT_RETURN_TYPE = YES_ERROR;
				GCC_WARN_UNDECLARED_SELECTOR = YES;
				GCC_WARN_UNINITIALIZED_AUTOS = YES_AGGRESSIVE;
				GCC_WARN_UNUSED_FUNCTION = YES;
				GCC_WARN_UNUSED_VARIABLE = YES;
				IPHONEOS_DEPLOYMENT_TARGET = 17.0;
				LOCALIZATION_PREFERS_STRING_CATALOGS = YES;
				MTL_ENABLE_DEBUG_INFO = INCLUDE_SOURCE;
				MTL_FAST_MATH = YES;
				ONLY_ACTIVE_ARCH = YES;
				SDKROOT = iphoneos;
				SWIFT_ACTIVE_COMPILATION_CONDITIONS = "DEBUG $(inherited)";
				SWIFT_OPTIMIZATION_LEVEL = "-Onone";
			};
			name = Debug;
		};
		7F4858722B24BDC4008A125F /* Release */ = {
			isa = XCBuildConfiguration;
			buildSettings = {
				ALWAYS_SEARCH_USER_PATHS = NO;
				ASSETCATALOG_COMPILER_GENERATE_SWIFT_ASSET_SYMBOL_EXTENSIONS = YES;
				CLANG_ANALYZER_NONNULL = YES;
				CLANG_ANALYZER_NUMBER_OBJECT_CONVERSION = YES_AGGRESSIVE;
				CLANG_CXX_LANGUAGE_STANDARD = "gnu++20";
				CLANG_ENABLE_MODULES = YES;
				CLANG_ENABLE_OBJC_ARC = YES;
				CLANG_ENABLE_OBJC_WEAK = YES;
				CLANG_WARN_BLOCK_CAPTURE_AUTORELEASING = YES;
				CLANG_WARN_BOOL_CONVERSION = YES;
				CLANG_WARN_COMMA = YES;
				CLANG_WARN_CONSTANT_CONVERSION = YES;
				CLANG_WARN_DEPRECATED_OBJC_IMPLEMENTATIONS = YES;
				CLANG_WARN_DIRECT_OBJC_ISA_USAGE = YES_ERROR;
				CLANG_WARN_DOCUMENTATION_COMMENTS = YES;
				CLANG_WARN_EMPTY_BODY = YES;
				CLANG_WARN_ENUM_CONVERSION = YES;
				CLANG_WARN_INFINITE_RECURSION = YES;
				CLANG_WARN_INT_CONVERSION = YES;
				CLANG_WARN_NON_LITERAL_NULL_CONVERSION = YES;
				CLANG_WARN_OBJC_IMPLICIT_RETAIN_SELF = YES;
				CLANG_WARN_OBJC_LITERAL_CONVERSION = YES;
				CLANG_WARN_OBJC_ROOT_CLASS = YES_ERROR;
				CLANG_WARN_QUOTED_INCLUDE_IN_FRAMEWORK_HEADER = YES;
				CLANG_WARN_RANGE_LOOP_ANALYSIS = YES;
				CLANG_WARN_STRICT_PROTOTYPES = YES;
				CLANG_WARN_SUSPICIOUS_MOVE = YES;
				CLANG_WARN_UNGUARDED_AVAILABILITY = YES_AGGRESSIVE;
				CLANG_WARN_UNREACHABLE_CODE = YES;
				CLANG_WARN__DUPLICATE_METHOD_MATCH = YES;
				COPY_PHASE_STRIP = NO;
				DEBUG_INFORMATION_FORMAT = "dwarf-with-dsym";
				ENABLE_NS_ASSERTIONS = NO;
				ENABLE_STRICT_OBJC_MSGSEND = YES;
				ENABLE_USER_SCRIPT_SANDBOXING = YES;
				GCC_C_LANGUAGE_STANDARD = gnu17;
				GCC_NO_COMMON_BLOCKS = YES;
				GCC_WARN_64_TO_32_BIT_CONVERSION = YES;
				GCC_WARN_ABOUT_RETURN_TYPE = YES_ERROR;
				GCC_WARN_UNDECLARED_SELECTOR = YES;
				GCC_WARN_UNINITIALIZED_AUTOS = YES_AGGRESSIVE;
				GCC_WARN_UNUSED_FUNCTION = YES;
				GCC_WARN_UNUSED_VARIABLE = YES;
				IPHONEOS_DEPLOYMENT_TARGET = 17.0;
				LOCALIZATION_PREFERS_STRING_CATALOGS = YES;
				MTL_ENABLE_DEBUG_INFO = NO;
				MTL_FAST_MATH = YES;
				SDKROOT = iphoneos;
				SWIFT_COMPILATION_MODE = wholemodule;
				VALIDATE_PRODUCT = YES;
			};
			name = Release;
		};
		7F4858742B24BDC4008A125F /* Debug */ = {
			isa = XCBuildConfiguration;
			buildSettings = {
				ASSETCATALOG_COMPILER_APPICON_NAME = AppIcon;
				ASSETCATALOG_COMPILER_GLOBAL_ACCENT_COLOR_NAME = AccentColor;
				CODE_SIGN_STYLE = Automatic;
				CURRENT_PROJECT_VERSION = 1;
				DEVELOPMENT_ASSET_PATHS = "\"PollingApp/Preview Content\"";
				ENABLE_PREVIEWS = YES;
				GENERATE_INFOPLIST_FILE = YES;
				INFOPLIST_KEY_UIApplicationSceneManifest_Generation = YES;
				INFOPLIST_KEY_UIApplicationSupportsIndirectInputEvents = YES;
				INFOPLIST_KEY_UILaunchScreen_Generation = YES;
				INFOPLIST_KEY_UISupportedInterfaceOrientations_iPad = "UIInterfaceOrientationPortrait UIInterfaceOrientationPortraitUpsideDown UIInterfaceOrientationLandscapeLeft UIInterfaceOrientationLandscapeRight";
				INFOPLIST_KEY_UISupportedInterfaceOrientations_iPhone = "UIInterfaceOrientationPortrait UIInterfaceOrientationLandscapeLeft UIInterfaceOrientationLandscapeRight";
				LD_RUNPATH_SEARCH_PATHS = (
					"$(inherited)",
					"@executable_path/Frameworks",
				);
				MARKETING_VERSION = 1.0;
				PRODUCT_BUNDLE_IDENTIFIER = com.polling.demo.dev.PollingApp;
				PRODUCT_NAME = "$(TARGET_NAME)";
				SWIFT_EMIT_LOC_STRINGS = YES;
				SWIFT_VERSION = 5.0;
				TARGETED_DEVICE_FAMILY = "1,2";
			};
			name = Debug;
		};
		7F4858752B24BDC4008A125F /* Release */ = {
			isa = XCBuildConfiguration;
			buildSettings = {
				ASSETCATALOG_COMPILER_APPICON_NAME = AppIcon;
				ASSETCATALOG_COMPILER_GLOBAL_ACCENT_COLOR_NAME = AccentColor;
				CODE_SIGN_STYLE = Automatic;
				CURRENT_PROJECT_VERSION = 1;
				DEVELOPMENT_ASSET_PATHS = "\"PollingApp/Preview Content\"";
				ENABLE_PREVIEWS = YES;
				GENERATE_INFOPLIST_FILE = YES;
				INFOPLIST_KEY_UIApplicationSceneManifest_Generation = YES;
				INFOPLIST_KEY_UIApplicationSupportsIndirectInputEvents = YES;
				INFOPLIST_KEY_UILaunchScreen_Generation = YES;
				INFOPLIST_KEY_UISupportedInterfaceOrientations_iPad = "UIInterfaceOrientationPortrait UIInterfaceOrientationPortraitUpsideDown UIInterfaceOrientationLandscapeLeft UIInterfaceOrientationLandscapeRight";
				INFOPLIST_KEY_UISupportedInterfaceOrientations_iPhone = "UIInterfaceOrientationPortrait UIInterfaceOrientationLandscapeLeft UIInterfaceOrientationLandscapeRight";
				LD_RUNPATH_SEARCH_PATHS = (
					"$(inherited)",
					"@executable_path/Frameworks",
				);
				MARKETING_VERSION = 1.0;
				PRODUCT_BUNDLE_IDENTIFIER = com.polling.demo.dev.PollingApp;
				PRODUCT_NAME = "$(TARGET_NAME)";
				SWIFT_EMIT_LOC_STRINGS = YES;
				SWIFT_VERSION = 5.0;
				TARGETED_DEVICE_FAMILY = "1,2";
			};
			name = Release;
		};
		7F4858772B24BDC4008A125F /* Debug */ = {
			isa = XCBuildConfiguration;
			buildSettings = {
				ALWAYS_EMBED_SWIFT_STANDARD_LIBRARIES = YES;
				BUNDLE_LOADER = "$(TEST_HOST)";
				CODE_SIGN_STYLE = Automatic;
				CURRENT_PROJECT_VERSION = 1;
				GENERATE_INFOPLIST_FILE = YES;
				IPHONEOS_DEPLOYMENT_TARGET = 17.0;
				MARKETING_VERSION = 1.0;
				PRODUCT_BUNDLE_IDENTIFIER = com.polling.demo.dev.PollingAppTests;
				PRODUCT_NAME = "$(TARGET_NAME)";
				SWIFT_EMIT_LOC_STRINGS = NO;
				SWIFT_VERSION = 5.0;
				TARGETED_DEVICE_FAMILY = "1,2";
				TEST_HOST = "$(BUILT_PRODUCTS_DIR)/PollingApp.app/$(BUNDLE_EXECUTABLE_FOLDER_PATH)/PollingApp";
			};
			name = Debug;
		};
		7F4858782B24BDC4008A125F /* Release */ = {
			isa = XCBuildConfiguration;
			buildSettings = {
				ALWAYS_EMBED_SWIFT_STANDARD_LIBRARIES = YES;
				BUNDLE_LOADER = "$(TEST_HOST)";
				CODE_SIGN_STYLE = Automatic;
				CURRENT_PROJECT_VERSION = 1;
				GENERATE_INFOPLIST_FILE = YES;
				IPHONEOS_DEPLOYMENT_TARGET = 17.0;
				MARKETING_VERSION = 1.0;
				PRODUCT_BUNDLE_IDENTIFIER = com.polling.demo.dev.PollingAppTests;
				PRODUCT_NAME = "$(TARGET_NAME)";
				SWIFT_EMIT_LOC_STRINGS = NO;
				SWIFT_VERSION = 5.0;
				TARGETED_DEVICE_FAMILY = "1,2";
				TEST_HOST = "$(BUILT_PRODUCTS_DIR)/PollingApp.app/$(BUNDLE_EXECUTABLE_FOLDER_PATH)/PollingApp";
			};
			name = Release;
		};
		7F48587A2B24BDC4008A125F /* Debug */ = {
			isa = XCBuildConfiguration;
			buildSettings = {
				ALWAYS_EMBED_SWIFT_STANDARD_LIBRARIES = YES;
				CODE_SIGN_STYLE = Automatic;
				CURRENT_PROJECT_VERSION = 1;
				GENERATE_INFOPLIST_FILE = YES;
				MARKETING_VERSION = 1.0;
				PRODUCT_BUNDLE_IDENTIFIER = com.polling.demo.dev.PollingAppUITests;
				PRODUCT_NAME = "$(TARGET_NAME)";
				SWIFT_EMIT_LOC_STRINGS = NO;
				SWIFT_VERSION = 5.0;
				TARGETED_DEVICE_FAMILY = "1,2";
				TEST_TARGET_NAME = PollingApp;
			};
			name = Debug;
		};
		7F48587B2B24BDC4008A125F /* Release */ = {
			isa = XCBuildConfiguration;
			buildSettings = {
				ALWAYS_EMBED_SWIFT_STANDARD_LIBRARIES = YES;
				CODE_SIGN_STYLE = Automatic;
				CURRENT_PROJECT_VERSION = 1;
				GENERATE_INFOPLIST_FILE = YES;
				MARKETING_VERSION = 1.0;
				PRODUCT_BUNDLE_IDENTIFIER = com.polling.demo.dev.PollingAppUITests;
				PRODUCT_NAME = "$(TARGET_NAME)";
				SWIFT_EMIT_LOC_STRINGS = NO;
				SWIFT_VERSION = 5.0;
				TARGETED_DEVICE_FAMILY = "1,2";
				TEST_TARGET_NAME = PollingApp;
			};
			name = Release;
		};
/* End XCBuildConfiguration section */

/* Begin XCConfigurationList section */
		7F48584A2B24BDC3008A125F /* Build configuration list for PBXProject "PollingApp" */ = {
			isa = XCConfigurationList;
			buildConfigurations = (
				7F4858712B24BDC4008A125F /* Debug */,
				7F4858722B24BDC4008A125F /* Release */,
			);
			defaultConfigurationIsVisible = 0;
			defaultConfigurationName = Release;
		};
		7F4858732B24BDC4008A125F /* Build configuration list for PBXNativeTarget "PollingApp" */ = {
			isa = XCConfigurationList;
			buildConfigurations = (
				7F4858742B24BDC4008A125F /* Debug */,
				7F4858752B24BDC4008A125F /* Release */,
			);
			defaultConfigurationIsVisible = 0;
			defaultConfigurationName = Release;
		};
		7F4858762B24BDC4008A125F /* Build configuration list for PBXNativeTarget "PollingAppTests" */ = {
			isa = XCConfigurationList;
			buildConfigurations = (
				7F4858772B24BDC4008A125F /* Debug */,
				7F4858782B24BDC4008A125F /* Release */,
			);
			defaultConfigurationIsVisible = 0;
			defaultConfigurationName = Release;
		};
		7F4858792B24BDC4008A125F /* Build configuration list for PBXNativeTarget "PollingAppUITests" */ = {
			isa = XCConfigurationList;
			buildConfigurations = (
				7F48587A2B24BDC4008A125F /* Debug */,
				7F48587B2B24BDC4008A125F /* Release */,
			);
			defaultConfigurationIsVisible = 0;
			defaultConfigurationName = Release;
		};
/* End XCConfigurationList section */
	};
	rootObject = 7F4858472B24BDC3008A125F /* Project object */;
}
